Microsoft Visual Studio Solution File, Format Version 10.00
# Visual Studio 2008

Project("{69053352-16AF-972D-6129-5061C73C3EE2}") = "BIOMASS", "Assembly-CSharp-vs.csproj", "{170BC5B2-D89E-B491-108E-773B874D17DB}"
EndProject
Global
	GlobalSection(SolutionConfigurationPlatforms) = preSolution
		Debug|Any CPU = Debug|Any CPU
		Release|Any CPU = Release|Any CPU
	EndGlobalSection
	GlobalSection(ProjectConfigurationPlatforms) = postSolution
		{170BC5B2-D89E-B491-108E-773B874D17DB}.Debug|Any CPU.ActiveCfg = Debug|Any CPU
		{170BC5B2-D89E-B491-108E-773B874D17DB}.Debug|Any CPU.Build.0 = Debug|Any CPU
		{170BC5B2-D89E-B491-108E-773B874D17DB}.Release|Any CPU.ActiveCfg = Release|Any CPU
		{170BC5B2-D89E-B491-108E-773B874D17DB}.Release|Any CPU.Build.0 = Release|Any CPU
	EndGlobalSection
	GlobalSection(SolutionProperties) = preSolution
		HideSolutionNode = FALSE
	EndGlobalSection
	
EndGlobal
